
Microsoft Visual Studio Solution File, Format Version 12.00
# Visual Studio Version 16
VisualStudioVersion = 16.0.28803.202
MinimumVisualStudioVersion = 10.0.40219.1
Project("{FAE04EC0-301F-11D3-BF4B-00C04F79EFBC}") = "r_memes-to-telegram", "r_memes-to-telegram\r_memes-to-telegram.csproj", "{5138C635-CFAA-436D-9890-4FE36F3D396C}"
EndProject
Global
	GlobalSection(SolutionConfigurationPlatforms) = preSolution
		Debug|Any CPU = Debug|Any CPU
		Release|Any CPU = Release|Any CPU
	EndGlobalSection
	GlobalSection(ProjectConfigurationPlatforms) = postSolution
		{5138C635-CFAA-436D-9890-4FE36F3D396C}.Debug|Any CPU.ActiveCfg = Debug|Any CPU
		{5138C635-CFAA-436D-9890-4FE36F3D396C}.Debug|Any CPU.Build.0 = Debug|Any CPU
		{5138C635-CFAA-436D-9890-4FE36F3D396C}.Release|Any CPU.ActiveCfg = Release|Any CPU
		{5138C635-CFAA-436D-9890-4FE36F3D396C}.Release|Any CPU.Build.0 = Release|Any CPU
	EndGlobalSection
	GlobalSection(SolutionProperties) = preSolution
		HideSolutionNode = FALSE
	EndGlobalSection
	GlobalSection(ExtensibilityGlobals) = postSolution
		SolutionGuid = {3D92F6EF-372E-4C06-9689-CE47C561CF87}
	EndGlobalSection
EndGlobal
